
Microsoft Visual Studio Solution File, Format Version 12.00
# Visual Studio 15
VisualStudioVersion = 15.0.26124.0
MinimumVisualStudioVersion = 15.0.26124.0
Project("{FAE04EC0-301F-11D3-BF4B-00C04F79EFBC}") = "StoreUI", "StoreUI\StoreUI.csproj", "{4592167D-C714-47E5-B2AC-0B6ECBA63EAD}"
EndProject
Project("{FAE04EC0-301F-11D3-BF4B-00C04F79EFBC}") = "StoreLib", "StoreLib\StoreLib.csproj", "{FA7A8AAC-266E-4480-BF73-8C7943C03E81}"
EndProject
Project("{FAE04EC0-301F-11D3-BF4B-00C04F79EFBC}") = "StoreBL", "StoreBL\StoreBL.csproj", "{3E6A5E3C-29C0-404F-8FE7-670E31CFDF70}"
EndProject
Project("{FAE04EC0-301F-11D3-BF4B-00C04F79EFBC}") = "StoreDB", "StoreDB\StoreDB.csproj", "{52C9123A-87EA-44BF-9DE6-4E79287C12B6}"
EndProject
Project("{FAE04EC0-301F-11D3-BF4B-00C04F79EFBC}") = "StoreTest", "StoreTest\StoreTest.csproj", "{27135A40-AA91-4B4B-AECE-24D39902C7B0}"
EndProject
Global
	GlobalSection(SolutionConfigurationPlatforms) = preSolution
		Debug|Any CPU = Debug|Any CPU
		Debug|x64 = Debug|x64
		Debug|x86 = Debug|x86
		Release|Any CPU = Release|Any CPU
		Release|x64 = Release|x64
		Release|x86 = Release|x86
	EndGlobalSection
	GlobalSection(SolutionProperties) = preSolution
		HideSolutionNode = FALSE
	EndGlobalSection
	GlobalSection(ProjectConfigurationPlatforms) = postSolution
		{4592167D-C714-47E5-B2AC-0B6ECBA63EAD}.Debug|Any CPU.ActiveCfg = Debug|Any CPU
		{4592167D-C714-47E5-B2AC-0B6ECBA63EAD}.Debug|Any CPU.Build.0 = Debug|Any CPU
		{4592167D-C714-47E5-B2AC-0B6ECBA63EAD}.Debug|x64.ActiveCfg = Debug|Any CPU
		{4592167D-C714-47E5-B2AC-0B6ECBA63EAD}.Debug|x64.Build.0 = Debug|Any CPU
		{4592167D-C714-47E5-B2AC-0B6ECBA63EAD}.Debug|x86.ActiveCfg = Debug|Any CPU
		{4592167D-C714-47E5-B2AC-0B6ECBA63EAD}.Debug|x86.Build.0 = Debug|Any CPU
		{4592167D-C714-47E5-B2AC-0B6ECBA63EAD}.Release|Any CPU.ActiveCfg = Release|Any CPU
		{4592167D-C714-47E5-B2AC-0B6ECBA63EAD}.Release|Any CPU.Build.0 = Release|Any CPU
		{4592167D-C714-47E5-B2AC-0B6ECBA63EAD}.Release|x64.ActiveCfg = Release|Any CPU
		{4592167D-C714-47E5-B2AC-0B6ECBA63EAD}.Release|x64.Build.0 = Release|Any CPU
		{4592167D-C714-47E5-B2AC-0B6ECBA63EAD}.Release|x86.ActiveCfg = Release|Any CPU
		{4592167D-C714-47E5-B2AC-0B6ECBA63EAD}.Release|x86.Build.0 = Release|Any CPU
		{FA7A8AAC-266E-4480-BF73-8C7943C03E81}.Debug|Any CPU.ActiveCfg = Debug|Any CPU
		{FA7A8AAC-266E-4480-BF73-8C7943C03E81}.Debug|Any CPU.Build.0 = Debug|Any CPU
		{FA7A8AAC-266E-4480-BF73-8C7943C03E81}.Debug|x64.ActiveCfg = Debug|Any CPU
		{FA7A8AAC-266E-4480-BF73-8C7943C03E81}.Debug|x64.Build.0 = Debug|Any CPU
		{FA7A8AAC-266E-4480-BF73-8C7943C03E81}.Debug|x86.ActiveCfg = Debug|Any CPU
		{FA7A8AAC-266E-4480-BF73-8C7943C03E81}.Debug|x86.Build.0 = Debug|Any CPU
		{FA7A8AAC-266E-4480-BF73-8C7943C03E81}.Release|Any CPU.ActiveCfg = Release|Any CPU
		{FA7A8AAC-266E-4480-BF73-8C7943C03E81}.Release|Any CPU.Build.0 = Release|Any CPU
		{FA7A8AAC-266E-4480-BF73-8C7943C03E81}.Release|x64.ActiveCfg = Release|Any CPU
		{FA7A8AAC-266E-4480-BF73-8C7943C03E81}.Release|x64.Build.0 = Release|Any CPU
		{FA7A8AAC-266E-4480-BF73-8C7943C03E81}.Release|x86.ActiveCfg = Release|Any CPU
		{FA7A8AAC-266E-4480-BF73-8C7943C03E81}.Release|x86.Build.0 = Release|Any CPU
		{3E6A5E3C-29C0-404F-8FE7-670E31CFDF70}.Debug|Any CPU.ActiveCfg = Debug|Any CPU
		{3E6A5E3C-29C0-404F-8FE7-670E31CFDF70}.Debug|Any CPU.Build.0 = Debug|Any CPU
		{3E6A5E3C-29C0-404F-8FE7-670E31CFDF70}.Debug|x64.ActiveCfg = Debug|Any CPU
		{3E6A5E3C-29C0-404F-8FE7-670E31CFDF70}.Debug|x64.Build.0 = Debug|Any CPU
		{3E6A5E3C-29C0-404F-8FE7-670E31CFDF70}.Debug|x86.ActiveCfg = Debug|Any CPU
		{3E6A5E3C-29C0-404F-8FE7-670E31CFDF70}.Debug|x86.Build.0 = Debug|Any CPU
		{3E6A5E3C-29C0-404F-8FE7-670E31CFDF70}.Release|Any CPU.ActiveCfg = Release|Any CPU
		{3E6A5E3C-29C0-404F-8FE7-670E31CFDF70}.Release|Any CPU.Build.0 = Release|Any CPU
		{3E6A5E3C-29C0-404F-8FE7-670E31CFDF70}.Release|x64.ActiveCfg = Release|Any CPU
		{3E6A5E3C-29C0-404F-8FE7-670E31CFDF70}.Release|x64.Build.0 = Release|Any CPU
		{3E6A5E3C-29C0-404F-8FE7-670E31CFDF70}.Release|x86.ActiveCfg = Release|Any CPU
		{3E6A5E3C-29C0-404F-8FE7-670E31CFDF70}.Release|x86.Build.0 = Release|Any CPU
		{52C9123A-87EA-44BF-9DE6-4E79287C12B6}.Debug|Any CPU.ActiveCfg = Debug|Any CPU
		{52C9123A-87EA-44BF-9DE6-4E79287C12B6}.Debug|Any CPU.Build.0 = Debug|Any CPU
		{52C9123A-87EA-44BF-9DE6-4E79287C12B6}.Debug|x64.ActiveCfg = Debug|Any CPU
		{52C9123A-87EA-44BF-9DE6-4E79287C12B6}.Debug|x64.Build.0 = Debug|Any CPU
		{52C9123A-87EA-44BF-9DE6-4E79287C12B6}.Debug|x86.ActiveCfg = Debug|Any CPU
		{52C9123A-87EA-44BF-9DE6-4E79287C12B6}.Debug|x86.Build.0 = Debug|Any CPU
		{52C9123A-87EA-44BF-9DE6-4E79287C12B6}.Release|Any CPU.ActiveCfg = Release|Any CPU
		{52C9123A-87EA-44BF-9DE6-4E79287C12B6}.Release|Any CPU.Build.0 = Release|Any CPU
		{52C9123A-87EA-44BF-9DE6-4E79287C12B6}.Release|x64.ActiveCfg = Release|Any CPU
		{52C9123A-87EA-44BF-9DE6-4E79287C12B6}.Release|x64.Build.0 = Release|Any CPU
		{52C9123A-87EA-44BF-9DE6-4E79287C12B6}.Release|x86.ActiveCfg = Release|Any CPU
		{52C9123A-87EA-44BF-9DE6-4E79287C12B6}.Release|x86.Build.0 = Release|Any CPU
		{27135A40-AA91-4B4B-AECE-24D39902C7B0}.Debug|Any CPU.ActiveCfg = Debug|Any CPU
		{27135A40-AA91-4B4B-AECE-24D39902C7B0}.Debug|Any CPU.Build.0 = Debug|Any CPU
		{27135A40-AA91-4B4B-AECE-24D39902C7B0}.Debug|x64.ActiveCfg = Debug|Any CPU
		{27135A40-AA91-4B4B-AECE-24D39902C7B0}.Debug|x64.Build.0 = Debug|Any CPU
		{27135A40-AA91-4B4B-AECE-24D39902C7B0}.Debug|x86.ActiveCfg = Debug|Any CPU
		{27135A40-AA91-4B4B-AECE-24D39902C7B0}.Debug|x86.Build.0 = Debug|Any CPU
		{27135A40-AA91-4B4B-AECE-24D39902C7B0}.Release|Any CPU.ActiveCfg = Release|Any CPU
		{27135A40-AA91-4B4B-AECE-24D39902C7B0}.Release|Any CPU.Build.0 = Release|Any CPU
		{27135A40-AA91-4B4B-AECE-24D39902C7B0}.Release|x64.ActiveCfg = Release|Any CPU
		{27135A40-AA91-4B4B-AECE-24D39902C7B0}.Release|x64.Build.0 = Release|Any CPU
		{27135A40-AA91-4B4B-AECE-24D39902C7B0}.Release|x86.ActiveCfg = Release|Any CPU
		{27135A40-AA91-4B4B-AECE-24D39902C7B0}.Release|x86.Build.0 = Release|Any CPU
	EndGlobalSection
EndGlobal
